
Microsoft Visual Studio Solution File, Format Version 12.00
# Visual Studio 14
VisualStudioVersion = 14.0.23107.0
MinimumVisualStudioVersion = 10.0.40219.1
Project("{FAE04EC0-301F-11D3-BF4B-00C04F79EFBC}") = "eOne.Common", "eOne.Common\eOne.Common.csproj", "{5B29DDF0-0C12-4C3C-85AD-B9E11D9FFB69}"
EndProject
Project("{FAE04EC0-301F-11D3-BF4B-00C04F79EFBC}") = "eOne.Common.Connectors.Shopify", "eOne.Common.Connectors.Shopify\eOne.Common.Connectors.Shopify.csproj", "{B35CD57D-7A1F-424A-84AA-0D8B724EED1D}"
EndProject
Project("{2150E333-8FDC-42A3-9474-1A3956D46DE8}") = "Connectors", "Connectors", "{289CD3E0-D095-42E8-BA87-BC543276B0F3}"
EndProject
Project("{FAE04EC0-301F-11D3-BF4B-00C04F79EFBC}") = "eOne.Common.Connectors.Trello", "eOne.Common.Connectors.Trello\eOne.Common.Connectors.Trello.csproj", "{45D7A7E1-470E-4922-9B39-4F54AAE1D734}"
EndProject
Project("{FAE04EC0-301F-11D3-BF4B-00C04F79EFBC}") = "eOne.Common.Connectors.Insightly", "eOne.Common.Connectors.Insightly\eOne.Common.Connectors.Insightly.csproj", "{4C593B45-CF53-4345-B490-22944A9A7E7C}"
EndProject
Project("{FAE04EC0-301F-11D3-BF4B-00C04F79EFBC}") = "eOne.Common.Connectors.MailChimp", "eOne.Common.Connectors.MailChimp\eOne.Common.Connectors.MailChimp.csproj", "{C2ABEDCF-8492-4984-947B-BF32F505055A}"
EndProject
Project("{FAE04EC0-301F-11D3-BF4B-00C04F79EFBC}") = "eOne.Common.Connectors.DynamicsGp", "eOne.Common.Connectors.DynamicsGp\eOne.Common.Connectors.DynamicsGp.csproj", "{171052DF-7EA3-4F77-9E27-5B06CC8C4254}"
EndProject
Project("{2150E333-8FDC-42A3-9474-1A3956D46DE8}") = "Test", "Test", "{A26AF899-FE2E-4213-91C5-DFE2C274BC04}"
EndProject
Project("{FAE04EC0-301F-11D3-BF4B-00C04F79EFBC}") = "eOne.Common.ConnectorTest", "eOne.Common.ConnectorTest\eOne.Common.ConnectorTest.csproj", "{6CCF81F6-4BDE-4492-AC6F-4C55DCF3360C}"
EndProject
Project("{FAE04EC0-301F-11D3-BF4B-00C04F79EFBC}") = "eOne.Common.Connectors.GitHub", "eOne.Common.Connectors.GitHub\eOne.Common.Connectors.GitHub.csproj", "{CE140AC5-3557-449B-9FD2-F318E5AD8C8B}"
EndProject
Project("{FAE04EC0-301F-11D3-BF4B-00C04F79EFBC}") = "eOne.Common.Connectors.BaseCamp", "eOne.Common.Connectors.BaseCamp\eOne.Common.Connectors.BaseCamp.csproj", "{20466355-68A6-4BCB-B891-4CD3461820DF}"
EndProject
Project("{FAE04EC0-301F-11D3-BF4B-00C04F79EFBC}") = "eOne.Common.Connectors.FreshBooks", "eOne.Common.Connectors.FreshBooks\eOne.Common.Connectors.FreshBooks.csproj", "{D4CB6C3E-761D-4305-AA7D-51D287C4372B}"
EndProject
Project("{FAE04EC0-301F-11D3-BF4B-00C04F79EFBC}") = "eOne.Common.Connectors.Timely", "eOne.Common.Connectors.Timely\eOne.Common.Connectors.Timely.csproj", "{60166E7B-AA7A-4216-9B1A-FD3DC5C39198}"
EndProject
Project("{FAE04EC0-301F-11D3-BF4B-00C04F79EFBC}") = "eOne.Common.Connectors.Zendesk", "eOne.Common.Connectors.Zendesk\eOne.Common.Connectors.Zendesk.csproj", "{CFEDF8C4-6119-46DB-9C98-1B7F2655C74A}"
EndProject
Project("{FAE04EC0-301F-11D3-BF4B-00C04F79EFBC}") = "eOne.Common.Connectors.Zopim", "eOne.Common.Connectors.Zopim\eOne.Common.Connectors.Zopim.csproj", "{921F99C1-292D-4A4B-A385-D64148D5315E}"
EndProject
Project("{FAE04EC0-301F-11D3-BF4B-00C04F79EFBC}") = "eOne.Common.Connectors.Twitter", "eOne.Common.Connectors.Twitter\eOne.Common.Connectors.Twitter.csproj", "{1E3767A3-AC9A-47F1-8B7E-A209D1031292}"
EndProject
Project("{FAE04EC0-301F-11D3-BF4B-00C04F79EFBC}") = "eOne.Common.Connectors.Mandrill", "eOne.Common.Connectors.Mandrill\eOne.Common.Connectors.Mandrill.csproj", "{7D8294B7-7512-424D-A1D9-218853096471}"
EndProject
Project("{FAE04EC0-301F-11D3-BF4B-00C04F79EFBC}") = "eOne.Common.Connectors.Asana", "eOne.Common.Connectors.Asana\eOne.Common.Connectors.Asana.csproj", "{27A8EE7A-AF05-431B-8979-370D27525A1E}"
EndProject
Project("{FAE04EC0-301F-11D3-BF4B-00C04F79EFBC}") = "eOne.Common.Connectors.Paypal", "eOne.Common.Connectors.Paypal\eOne.Common.Connectors.Paypal.csproj", "{3B65C3B7-4492-4C37-A831-9361F20CB51B}"
EndProject
Project("{FAE04EC0-301F-11D3-BF4B-00C04F79EFBC}") = "eOne.Common.Connectors.ZenPayroll", "eOne.Common.Connectors.ZenPayroll\eOne.Common.Connectors.ZenPayroll.csproj", "{8A6B1EB2-21E5-47FF-A8AF-F3E2B80F4C51}"
EndProject
Project("{FAE04EC0-301F-11D3-BF4B-00C04F79EFBC}") = "eOne.Common.Connectors.Xero", "eOne.Common.Connectors.Xero\eOne.Common.Connectors.Xero.csproj", "{79D29729-6E6E-47B9-912F-ACAD40BD3090}"
EndProject
Project("{FAE04EC0-301F-11D3-BF4B-00C04F79EFBC}") = "eOne.Common.Connectors.UserVoice", "eOne.Common.Connectors.UserVoice\eOne.Common.Connectors.UserVoice.csproj", "{A870CED8-3291-40E9-B654-1FD481432622}"
EndProject
Project("{FAE04EC0-301F-11D3-BF4B-00C04F79EFBC}") = "eOne.Common.Connectors.Hubspot", "eOne.Common.Connectors.HubSpot\eOne.Common.Connectors.Hubspot.csproj", "{1D385F26-DEE5-4864-94E5-9803263311FD}"
EndProject
Project("{FAE04EC0-301F-11D3-BF4B-00C04F79EFBC}") = "eOne.Common.Connectors.Intacct", "eOne.Common.Connectors.Intacct\eOne.Common.Connectors.Intacct.csproj", "{23B6863E-B7A5-4684-BCFD-E157C28B71A4}"
EndProject
Project("{FAE04EC0-301F-11D3-BF4B-00C04F79EFBC}") = "eOne.Common.Connectors.Formstack", "eOne.Common.Connectors.Formstack\eOne.Common.Connectors.Formstack.csproj", "{43ADA121-5663-4BF2-AB5D-AD82B79F5665}"
EndProject
Project("{FAE04EC0-301F-11D3-BF4B-00C04F79EFBC}") = "eOne.Common.Connectors.Etsy", "eOne.Common.Connectors.Etsy\eOne.Common.Connectors.Etsy.csproj", "{80BEB0F8-0573-4592-B789-38E941558116}"
EndProject
Project("{FAE04EC0-301F-11D3-BF4B-00C04F79EFBC}") = "eOne.Common.Connectors.SalesForce", "eOne.Common.Connectors.SalesForce\eOne.Common.Connectors.SalesForce.csproj", "{96C5DB36-3614-492C-86F1-E30647A0BB54}"
EndProject
Project("{FAE04EC0-301F-11D3-BF4B-00C04F79EFBC}") = "eOne.Common.ConnectorValidation", "eOne.Common.ConnectorValidation\eOne.Common.ConnectorValidation.csproj", "{631AAF43-B3B3-4E99-ADED-DDB08801B906}"
EndProject
Project("{FAE04EC0-301F-11D3-BF4B-00C04F79EFBC}") = "eOne.Common.SampleConnectors", "eOne.Common.SampleConnectors\eOne.Common.SampleConnectors.csproj", "{4DC772A4-05F3-4D00-8229-54A37120822C}"
EndProject
Project("{FAE04EC0-301F-11D3-BF4B-00C04F79EFBC}") = "eOne.Common.Connectors.Facebook", "eOne.Common.Connectors.Facebook\eOne.Common.Connectors.Facebook.csproj", "{0B96C677-85FB-4FCF-BA63-E8ECCFEEB969}"
EndProject
Project("{FAE04EC0-301F-11D3-BF4B-00C04F79EFBC}") = "eOne.Common.Connectors.Instagram", "eOne.Common.Connectors.Instagram\eOne.Common.Connectors.Instagram.csproj", "{EFFE2803-253D-4FEC-9257-468C0850E96B}"
EndProject
Project("{2150E333-8FDC-42A3-9474-1A3956D46DE8}") = "SocialMedia", "SocialMedia", "{FA139332-FB9A-4F04-9EA4-99F0DF58C585}"
EndProject
Project("{2150E333-8FDC-42A3-9474-1A3956D46DE8}") = "CRM", "CRM", "{95A8DCF1-FC8B-4995-AEC6-2905E98F9D17}"
EndProject
Project("{2150E333-8FDC-42A3-9474-1A3956D46DE8}") = "ERP", "ERP", "{8F390AD4-FEE0-4CAE-B290-53C7F4EA463B}"
EndProject
Project("{2150E333-8FDC-42A3-9474-1A3956D46DE8}") = "Payments", "Payments", "{E3307835-F261-477C-8422-40E8713F12B8}"
EndProject
Project("{2150E333-8FDC-42A3-9474-1A3956D46DE8}") = "Helpdesk", "Helpdesk", "{DF3B627F-AE6B-4E86-820E-D97DF913186C}"
EndProject
Project("{2150E333-8FDC-42A3-9474-1A3956D46DE8}") = "Chat", "Chat", "{9E3EE98A-8E21-49F6-B40F-2F3CF894AA03}"
EndProject
Project("{2150E333-8FDC-42A3-9474-1A3956D46DE8}") = "MailingList", "MailingList", "{A5904985-76DB-4CBA-9674-8651D2DF79E5}"
EndProject
Project("{2150E333-8FDC-42A3-9474-1A3956D46DE8}") = "Webstore", "Webstore", "{C91A9F4F-B480-4D5C-BFBC-860DE058D21D}"
EndProject
Project("{2150E333-8FDC-42A3-9474-1A3956D46DE8}") = "ToDoList", "ToDoList", "{339CEB91-6C5F-4466-B890-ED1E458FAB1E}"
EndProject
Project("{2150E333-8FDC-42A3-9474-1A3956D46DE8}") = "Forms", "Forms", "{84F34D89-AF8D-4D0A-B00A-8D6A499D3C87}"
EndProject
Project("{2150E333-8FDC-42A3-9474-1A3956D46DE8}") = "Development", "Development", "{727FA2D6-6FC0-43A2-BF71-F8A4D5DF2827}"
EndProject
Project("{2150E333-8FDC-42A3-9474-1A3956D46DE8}") = "Payroll", "Payroll", "{1639AAD3-7FBE-4BB3-A22E-5386CE328376}"
EndProject
Project("{2150E333-8FDC-42A3-9474-1A3956D46DE8}") = "TimeTracking", "TimeTracking", "{FE4C833B-D44D-407C-93F3-AD0E5667C1F3}"
EndProject
Project("{2150E333-8FDC-42A3-9474-1A3956D46DE8}") = "ProjectManagement", "ProjectManagement", "{4FE0F82F-F860-48B7-9B89-28CA416B196A}"
EndProject
Project("{FAE04EC0-301F-11D3-BF4B-00C04F79EFBC}") = "eOne.Common.Experiments", "eOne.Common.Experiments\eOne.Common.Experiments.csproj", "{550955DB-609C-442C-98BA-F92DFB469730}"
EndProject
Project("{FAE04EC0-301F-11D3-BF4B-00C04F79EFBC}") = "eOne.Common.Connectors.Infusionsoft", "eOne.Common.Connectors.Infusionsoft\eOne.Common.Connectors.Infusionsoft.csproj", "{E08D9107-4522-4993-A6B8-903B4682837C}"
EndProject
Project("{FAE04EC0-301F-11D3-BF4B-00C04F79EFBC}") = "eOne.Common.Connectors.BombBomb", "eOne.Common.Connectors.BombBomb\eOne.Common.Connectors.BombBomb.csproj", "{7122EACA-AB0C-46BB-A8EC-9B0D1D0BDF08}"
EndProject
Project("{FAE04EC0-301F-11D3-BF4B-00C04F79EFBC}") = "eOne.Common.Connectors.HappyFox", "eOne.Common.Connectors.HappyFox\eOne.Common.Connectors.HappyFox.csproj", "{EFC37FD5-A9B3-4ABE-AF10-D82093F844AE}"
EndProject
Project("{FAE04EC0-301F-11D3-BF4B-00C04F79EFBC}") = "eOne.Common.SearchTest", "eOne.Common.SearchTest\eOne.Common.SearchTest.csproj", "{02FA442D-1EAC-468B-8A0C-C84D57716217}"
EndProject
Project("{FAE04EC0-301F-11D3-BF4B-00C04F79EFBC}") = "eOne.Common.Connectors.MadMimi", "eOne.Common.Connectors.MadMimi\eOne.Common.Connectors.MadMimi.csproj", "{0471B9FF-A3FF-49F8-8D72-83175D407DB7}"
EndProject
Project("{FAE04EC0-301F-11D3-BF4B-00C04F79EFBC}") = "eOne.Common.Connectors.Aweber", "eOne.Common.Connectors.Aweber\eOne.Common.Connectors.Aweber.csproj", "{CEB43A43-BF75-4DA3-A444-974577A656B1}"
EndProject
Project("{FAE04EC0-301F-11D3-BF4B-00C04F79EFBC}") = "eOne.Common.Connectors.Emma", "eOne.Common.Connectors.Emma\eOne.Common.Connectors.Emma.csproj", "{2BF45DF6-2311-48EE-A0DE-1C2DEAF60CBD}"
EndProject
Project("{FAE04EC0-301F-11D3-BF4B-00C04F79EFBC}") = "eOne.Common.Connectors.Sendloop", "eOne.Common.Connectors.Sendloop\eOne.Common.Connectors.Sendloop.csproj", "{33FE4DC8-8790-4217-9D1D-C8A9D5ACB939}"
EndProject
Project("{FAE04EC0-301F-11D3-BF4B-00C04F79EFBC}") = "eOne.Common.Connectors.Slack", "eOne.Common.Connectors.Slack\eOne.Common.Connectors.Slack.csproj", "{D2612A28-9895-4692-A413-9292F271D60A}"
EndProject
Project("{FAE04EC0-301F-11D3-BF4B-00C04F79EFBC}") = "eOne.Common.Connectors.NetSuite", "eOne.Common.Connectors.NetSuite\eOne.Common.Connectors.NetSuite.csproj", "{0589115A-9732-4D23-9D49-6E68AB7C1AD7}"
EndProject
Global
	GlobalSection(SolutionConfigurationPlatforms) = preSolution
		Debug|Any CPU = Debug|Any CPU
		Release|Any CPU = Release|Any CPU
	EndGlobalSection
	GlobalSection(ProjectConfigurationPlatforms) = postSolution
		{5B29DDF0-0C12-4C3C-85AD-B9E11D9FFB69}.Debug|Any CPU.ActiveCfg = Debug|Any CPU
		{5B29DDF0-0C12-4C3C-85AD-B9E11D9FFB69}.Debug|Any CPU.Build.0 = Debug|Any CPU
		{5B29DDF0-0C12-4C3C-85AD-B9E11D9FFB69}.Release|Any CPU.ActiveCfg = Release|Any CPU
		{5B29DDF0-0C12-4C3C-85AD-B9E11D9FFB69}.Release|Any CPU.Build.0 = Release|Any CPU
		{B35CD57D-7A1F-424A-84AA-0D8B724EED1D}.Debug|Any CPU.ActiveCfg = Debug|Any CPU
		{B35CD57D-7A1F-424A-84AA-0D8B724EED1D}.Debug|Any CPU.Build.0 = Debug|Any CPU
		{B35CD57D-7A1F-424A-84AA-0D8B724EED1D}.Release|Any CPU.ActiveCfg = Release|Any CPU
		{B35CD57D-7A1F-424A-84AA-0D8B724EED1D}.Release|Any CPU.Build.0 = Release|Any CPU
		{45D7A7E1-470E-4922-9B39-4F54AAE1D734}.Debug|Any CPU.ActiveCfg = Debug|Any CPU
		{45D7A7E1-470E-4922-9B39-4F54AAE1D734}.Debug|Any CPU.Build.0 = Debug|Any CPU
		{45D7A7E1-470E-4922-9B39-4F54AAE1D734}.Release|Any CPU.ActiveCfg = Release|Any CPU
		{45D7A7E1-470E-4922-9B39-4F54AAE1D734}.Release|Any CPU.Build.0 = Release|Any CPU
		{4C593B45-CF53-4345-B490-22944A9A7E7C}.Debug|Any CPU.ActiveCfg = Debug|Any CPU
		{4C593B45-CF53-4345-B490-22944A9A7E7C}.Debug|Any CPU.Build.0 = Debug|Any CPU
		{4C593B45-CF53-4345-B490-22944A9A7E7C}.Release|Any CPU.ActiveCfg = Release|Any CPU
		{4C593B45-CF53-4345-B490-22944A9A7E7C}.Release|Any CPU.Build.0 = Release|Any CPU
		{C2ABEDCF-8492-4984-947B-BF32F505055A}.Debug|Any CPU.ActiveCfg = Debug|Any CPU
		{C2ABEDCF-8492-4984-947B-BF32F505055A}.Debug|Any CPU.Build.0 = Debug|Any CPU
		{C2ABEDCF-8492-4984-947B-BF32F505055A}.Release|Any CPU.ActiveCfg = Release|Any CPU
		{C2ABEDCF-8492-4984-947B-BF32F505055A}.Release|Any CPU.Build.0 = Release|Any CPU
		{171052DF-7EA3-4F77-9E27-5B06CC8C4254}.Debug|Any CPU.ActiveCfg = Debug|Any CPU
		{171052DF-7EA3-4F77-9E27-5B06CC8C4254}.Debug|Any CPU.Build.0 = Debug|Any CPU
		{171052DF-7EA3-4F77-9E27-5B06CC8C4254}.Release|Any CPU.ActiveCfg = Release|Any CPU
		{171052DF-7EA3-4F77-9E27-5B06CC8C4254}.Release|Any CPU.Build.0 = Release|Any CPU
		{6CCF81F6-4BDE-4492-AC6F-4C55DCF3360C}.Debug|Any CPU.ActiveCfg = Debug|Any CPU
		{6CCF81F6-4BDE-4492-AC6F-4C55DCF3360C}.Debug|Any CPU.Build.0 = Debug|Any CPU
		{6CCF81F6-4BDE-4492-AC6F-4C55DCF3360C}.Release|Any CPU.ActiveCfg = Release|Any CPU
		{6CCF81F6-4BDE-4492-AC6F-4C55DCF3360C}.Release|Any CPU.Build.0 = Release|Any CPU
		{CE140AC5-3557-449B-9FD2-F318E5AD8C8B}.Debug|Any CPU.ActiveCfg = Debug|Any CPU
		{CE140AC5-3557-449B-9FD2-F318E5AD8C8B}.Debug|Any CPU.Build.0 = Debug|Any CPU
		{CE140AC5-3557-449B-9FD2-F318E5AD8C8B}.Release|Any CPU.ActiveCfg = Release|Any CPU
		{CE140AC5-3557-449B-9FD2-F318E5AD8C8B}.Release|Any CPU.Build.0 = Release|Any CPU
		{20466355-68A6-4BCB-B891-4CD3461820DF}.Debug|Any CPU.ActiveCfg = Debug|Any CPU
		{20466355-68A6-4BCB-B891-4CD3461820DF}.Debug|Any CPU.Build.0 = Debug|Any CPU
		{20466355-68A6-4BCB-B891-4CD3461820DF}.Release|Any CPU.ActiveCfg = Release|Any CPU
		{20466355-68A6-4BCB-B891-4CD3461820DF}.Release|Any CPU.Build.0 = Release|Any CPU
		{D4CB6C3E-761D-4305-AA7D-51D287C4372B}.Debug|Any CPU.ActiveCfg = Debug|Any CPU
		{D4CB6C3E-761D-4305-AA7D-51D287C4372B}.Debug|Any CPU.Build.0 = Debug|Any CPU
		{D4CB6C3E-761D-4305-AA7D-51D287C4372B}.Release|Any CPU.ActiveCfg = Release|Any CPU
		{D4CB6C3E-761D-4305-AA7D-51D287C4372B}.Release|Any CPU.Build.0 = Release|Any CPU
		{60166E7B-AA7A-4216-9B1A-FD3DC5C39198}.Debug|Any CPU.ActiveCfg = Debug|Any CPU
		{60166E7B-AA7A-4216-9B1A-FD3DC5C39198}.Debug|Any CPU.Build.0 = Debug|Any CPU
		{60166E7B-AA7A-4216-9B1A-FD3DC5C39198}.Release|Any CPU.ActiveCfg = Release|Any CPU
		{60166E7B-AA7A-4216-9B1A-FD3DC5C39198}.Release|Any CPU.Build.0 = Release|Any CPU
		{CFEDF8C4-6119-46DB-9C98-1B7F2655C74A}.Debug|Any CPU.ActiveCfg = Debug|Any CPU
		{CFEDF8C4-6119-46DB-9C98-1B7F2655C74A}.Debug|Any CPU.Build.0 = Debug|Any CPU
		{CFEDF8C4-6119-46DB-9C98-1B7F2655C74A}.Release|Any CPU.ActiveCfg = Release|Any CPU
		{CFEDF8C4-6119-46DB-9C98-1B7F2655C74A}.Release|Any CPU.Build.0 = Release|Any CPU
		{921F99C1-292D-4A4B-A385-D64148D5315E}.Debug|Any CPU.ActiveCfg = Debug|Any CPU
		{921F99C1-292D-4A4B-A385-D64148D5315E}.Debug|Any CPU.Build.0 = Debug|Any CPU
		{921F99C1-292D-4A4B-A385-D64148D5315E}.Release|Any CPU.ActiveCfg = Release|Any CPU
		{921F99C1-292D-4A4B-A385-D64148D5315E}.Release|Any CPU.Build.0 = Release|Any CPU
		{1E3767A3-AC9A-47F1-8B7E-A209D1031292}.Debug|Any CPU.ActiveCfg = Debug|Any CPU
		{1E3767A3-AC9A-47F1-8B7E-A209D1031292}.Debug|Any CPU.Build.0 = Debug|Any CPU
		{1E3767A3-AC9A-47F1-8B7E-A209D1031292}.Release|Any CPU.ActiveCfg = Release|Any CPU
		{1E3767A3-AC9A-47F1-8B7E-A209D1031292}.Release|Any CPU.Build.0 = Release|Any CPU
		{7D8294B7-7512-424D-A1D9-218853096471}.Debug|Any CPU.ActiveCfg = Debug|Any CPU
		{7D8294B7-7512-424D-A1D9-218853096471}.Debug|Any CPU.Build.0 = Debug|Any CPU
		{7D8294B7-7512-424D-A1D9-218853096471}.Release|Any CPU.ActiveCfg = Release|Any CPU
		{7D8294B7-7512-424D-A1D9-218853096471}.Release|Any CPU.Build.0 = Release|Any CPU
		{27A8EE7A-AF05-431B-8979-370D27525A1E}.Debug|Any CPU.ActiveCfg = Debug|Any CPU
		{27A8EE7A-AF05-431B-8979-370D27525A1E}.Debug|Any CPU.Build.0 = Debug|Any CPU
		{27A8EE7A-AF05-431B-8979-370D27525A1E}.Release|Any CPU.ActiveCfg = Release|Any CPU
		{27A8EE7A-AF05-431B-8979-370D27525A1E}.Release|Any CPU.Build.0 = Release|Any CPU
		{3B65C3B7-4492-4C37-A831-9361F20CB51B}.Debug|Any CPU.ActiveCfg = Debug|Any CPU
		{3B65C3B7-4492-4C37-A831-9361F20CB51B}.Debug|Any CPU.Build.0 = Debug|Any CPU
		{3B65C3B7-4492-4C37-A831-9361F20CB51B}.Release|Any CPU.ActiveCfg = Release|Any CPU
		{3B65C3B7-4492-4C37-A831-9361F20CB51B}.Release|Any CPU.Build.0 = Release|Any CPU
		{8A6B1EB2-21E5-47FF-A8AF-F3E2B80F4C51}.Debug|Any CPU.ActiveCfg = Debug|Any CPU
		{8A6B1EB2-21E5-47FF-A8AF-F3E2B80F4C51}.Debug|Any CPU.Build.0 = Debug|Any CPU
		{8A6B1EB2-21E5-47FF-A8AF-F3E2B80F4C51}.Release|Any CPU.ActiveCfg = Release|Any CPU
		{8A6B1EB2-21E5-47FF-A8AF-F3E2B80F4C51}.Release|Any CPU.Build.0 = Release|Any CPU
		{79D29729-6E6E-47B9-912F-ACAD40BD3090}.Debug|Any CPU.ActiveCfg = Debug|Any CPU
		{79D29729-6E6E-47B9-912F-ACAD40BD3090}.Debug|Any CPU.Build.0 = Debug|Any CPU
		{79D29729-6E6E-47B9-912F-ACAD40BD3090}.Release|Any CPU.ActiveCfg = Release|Any CPU
		{79D29729-6E6E-47B9-912F-ACAD40BD3090}.Release|Any CPU.Build.0 = Release|Any CPU
		{A870CED8-3291-40E9-B654-1FD481432622}.Debug|Any CPU.ActiveCfg = Debug|Any CPU
		{A870CED8-3291-40E9-B654-1FD481432622}.Debug|Any CPU.Build.0 = Debug|Any CPU
		{A870CED8-3291-40E9-B654-1FD481432622}.Release|Any CPU.ActiveCfg = Release|Any CPU
		{A870CED8-3291-40E9-B654-1FD481432622}.Release|Any CPU.Build.0 = Release|Any CPU
		{1D385F26-DEE5-4864-94E5-9803263311FD}.Debug|Any CPU.ActiveCfg = Debug|Any CPU
		{1D385F26-DEE5-4864-94E5-9803263311FD}.Debug|Any CPU.Build.0 = Debug|Any CPU
		{1D385F26-DEE5-4864-94E5-9803263311FD}.Release|Any CPU.ActiveCfg = Release|Any CPU
		{1D385F26-DEE5-4864-94E5-9803263311FD}.Release|Any CPU.Build.0 = Release|Any CPU
		{23B6863E-B7A5-4684-BCFD-E157C28B71A4}.Debug|Any CPU.ActiveCfg = Debug|Any CPU
		{23B6863E-B7A5-4684-BCFD-E157C28B71A4}.Debug|Any CPU.Build.0 = Debug|Any CPU
		{23B6863E-B7A5-4684-BCFD-E157C28B71A4}.Release|Any CPU.ActiveCfg = Release|Any CPU
		{23B6863E-B7A5-4684-BCFD-E157C28B71A4}.Release|Any CPU.Build.0 = Release|Any CPU
		{43ADA121-5663-4BF2-AB5D-AD82B79F5665}.Debug|Any CPU.ActiveCfg = Debug|Any CPU
		{43ADA121-5663-4BF2-AB5D-AD82B79F5665}.Debug|Any CPU.Build.0 = Debug|Any CPU
		{43ADA121-5663-4BF2-AB5D-AD82B79F5665}.Release|Any CPU.ActiveCfg = Release|Any CPU
		{43ADA121-5663-4BF2-AB5D-AD82B79F5665}.Release|Any CPU.Build.0 = Release|Any CPU
		{80BEB0F8-0573-4592-B789-38E941558116}.Debug|Any CPU.ActiveCfg = Debug|Any CPU
		{80BEB0F8-0573-4592-B789-38E941558116}.Debug|Any CPU.Build.0 = Debug|Any CPU
		{80BEB0F8-0573-4592-B789-38E941558116}.Release|Any CPU.ActiveCfg = Release|Any CPU
		{80BEB0F8-0573-4592-B789-38E941558116}.Release|Any CPU.Build.0 = Release|Any CPU
		{96C5DB36-3614-492C-86F1-E30647A0BB54}.Debug|Any CPU.ActiveCfg = Debug|Any CPU
		{96C5DB36-3614-492C-86F1-E30647A0BB54}.Debug|Any CPU.Build.0 = Debug|Any CPU
		{96C5DB36-3614-492C-86F1-E30647A0BB54}.Release|Any CPU.ActiveCfg = Release|Any CPU
		{96C5DB36-3614-492C-86F1-E30647A0BB54}.Release|Any CPU.Build.0 = Release|Any CPU
		{631AAF43-B3B3-4E99-ADED-DDB08801B906}.Debug|Any CPU.ActiveCfg = Debug|Any CPU
		{631AAF43-B3B3-4E99-ADED-DDB08801B906}.Debug|Any CPU.Build.0 = Debug|Any CPU
		{631AAF43-B3B3-4E99-ADED-DDB08801B906}.Release|Any CPU.ActiveCfg = Release|Any CPU
		{631AAF43-B3B3-4E99-ADED-DDB08801B906}.Release|Any CPU.Build.0 = Release|Any CPU
		{4DC772A4-05F3-4D00-8229-54A37120822C}.Debug|Any CPU.ActiveCfg = Debug|Any CPU
		{4DC772A4-05F3-4D00-8229-54A37120822C}.Debug|Any CPU.Build.0 = Debug|Any CPU
		{4DC772A4-05F3-4D00-8229-54A37120822C}.Release|Any CPU.ActiveCfg = Release|Any CPU
		{4DC772A4-05F3-4D00-8229-54A37120822C}.Release|Any CPU.Build.0 = Release|Any CPU
		{0B96C677-85FB-4FCF-BA63-E8ECCFEEB969}.Debug|Any CPU.ActiveCfg = Debug|Any CPU
		{0B96C677-85FB-4FCF-BA63-E8ECCFEEB969}.Debug|Any CPU.Build.0 = Debug|Any CPU
		{0B96C677-85FB-4FCF-BA63-E8ECCFEEB969}.Release|Any CPU.ActiveCfg = Release|Any CPU
		{0B96C677-85FB-4FCF-BA63-E8ECCFEEB969}.Release|Any CPU.Build.0 = Release|Any CPU
		{EFFE2803-253D-4FEC-9257-468C0850E96B}.Debug|Any CPU.ActiveCfg = Debug|Any CPU
		{EFFE2803-253D-4FEC-9257-468C0850E96B}.Debug|Any CPU.Build.0 = Debug|Any CPU
		{EFFE2803-253D-4FEC-9257-468C0850E96B}.Release|Any CPU.ActiveCfg = Release|Any CPU
		{EFFE2803-253D-4FEC-9257-468C0850E96B}.Release|Any CPU.Build.0 = Release|Any CPU
		{550955DB-609C-442C-98BA-F92DFB469730}.Debug|Any CPU.ActiveCfg = Debug|Any CPU
		{550955DB-609C-442C-98BA-F92DFB469730}.Debug|Any CPU.Build.0 = Debug|Any CPU
		{550955DB-609C-442C-98BA-F92DFB469730}.Release|Any CPU.ActiveCfg = Release|Any CPU
		{550955DB-609C-442C-98BA-F92DFB469730}.Release|Any CPU.Build.0 = Release|Any CPU
		{E08D9107-4522-4993-A6B8-903B4682837C}.Debug|Any CPU.ActiveCfg = Debug|Any CPU
		{E08D9107-4522-4993-A6B8-903B4682837C}.Debug|Any CPU.Build.0 = Debug|Any CPU
		{E08D9107-4522-4993-A6B8-903B4682837C}.Release|Any CPU.ActiveCfg = Release|Any CPU
		{E08D9107-4522-4993-A6B8-903B4682837C}.Release|Any CPU.Build.0 = Release|Any CPU
		{7122EACA-AB0C-46BB-A8EC-9B0D1D0BDF08}.Debug|Any CPU.ActiveCfg = Debug|Any CPU
		{7122EACA-AB0C-46BB-A8EC-9B0D1D0BDF08}.Debug|Any CPU.Build.0 = Debug|Any CPU
		{7122EACA-AB0C-46BB-A8EC-9B0D1D0BDF08}.Release|Any CPU.ActiveCfg = Release|Any CPU
		{7122EACA-AB0C-46BB-A8EC-9B0D1D0BDF08}.Release|Any CPU.Build.0 = Release|Any CPU
		{EFC37FD5-A9B3-4ABE-AF10-D82093F844AE}.Debug|Any CPU.ActiveCfg = Debug|Any CPU
		{EFC37FD5-A9B3-4ABE-AF10-D82093F844AE}.Debug|Any CPU.Build.0 = Debug|Any CPU
		{EFC37FD5-A9B3-4ABE-AF10-D82093F844AE}.Release|Any CPU.ActiveCfg = Release|Any CPU
		{EFC37FD5-A9B3-4ABE-AF10-D82093F844AE}.Release|Any CPU.Build.0 = Release|Any CPU
		{02FA442D-1EAC-468B-8A0C-C84D57716217}.Debug|Any CPU.ActiveCfg = Debug|Any CPU
		{02FA442D-1EAC-468B-8A0C-C84D57716217}.Debug|Any CPU.Build.0 = Debug|Any CPU
		{02FA442D-1EAC-468B-8A0C-C84D57716217}.Release|Any CPU.ActiveCfg = Release|Any CPU
		{02FA442D-1EAC-468B-8A0C-C84D57716217}.Release|Any CPU.Build.0 = Release|Any CPU
		{0471B9FF-A3FF-49F8-8D72-83175D407DB7}.Debug|Any CPU.ActiveCfg = Debug|Any CPU
		{0471B9FF-A3FF-49F8-8D72-83175D407DB7}.Debug|Any CPU.Build.0 = Debug|Any CPU
		{0471B9FF-A3FF-49F8-8D72-83175D407DB7}.Release|Any CPU.ActiveCfg = Release|Any CPU
		{0471B9FF-A3FF-49F8-8D72-83175D407DB7}.Release|Any CPU.Build.0 = Release|Any CPU
		{CEB43A43-BF75-4DA3-A444-974577A656B1}.Debug|Any CPU.ActiveCfg = Debug|Any CPU
		{CEB43A43-BF75-4DA3-A444-974577A656B1}.Debug|Any CPU.Build.0 = Debug|Any CPU
		{CEB43A43-BF75-4DA3-A444-974577A656B1}.Release|Any CPU.ActiveCfg = Release|Any CPU
		{CEB43A43-BF75-4DA3-A444-974577A656B1}.Release|Any CPU.Build.0 = Release|Any CPU
		{2BF45DF6-2311-48EE-A0DE-1C2DEAF60CBD}.Debug|Any CPU.ActiveCfg = Debug|Any CPU
		{2BF45DF6-2311-48EE-A0DE-1C2DEAF60CBD}.Debug|Any CPU.Build.0 = Debug|Any CPU
		{2BF45DF6-2311-48EE-A0DE-1C2DEAF60CBD}.Release|Any CPU.ActiveCfg = Release|Any CPU
		{2BF45DF6-2311-48EE-A0DE-1C2DEAF60CBD}.Release|Any CPU.Build.0 = Release|Any CPU
		{33FE4DC8-8790-4217-9D1D-C8A9D5ACB939}.Debug|Any CPU.ActiveCfg = Debug|Any CPU
		{33FE4DC8-8790-4217-9D1D-C8A9D5ACB939}.Debug|Any CPU.Build.0 = Debug|Any CPU
		{33FE4DC8-8790-4217-9D1D-C8A9D5ACB939}.Release|Any CPU.ActiveCfg = Release|Any CPU
		{33FE4DC8-8790-4217-9D1D-C8A9D5ACB939}.Release|Any CPU.Build.0 = Release|Any CPU
		{D2612A28-9895-4692-A413-9292F271D60A}.Debug|Any CPU.ActiveCfg = Debug|Any CPU
		{D2612A28-9895-4692-A413-9292F271D60A}.Debug|Any CPU.Build.0 = Debug|Any CPU
		{D2612A28-9895-4692-A413-9292F271D60A}.Release|Any CPU.ActiveCfg = Release|Any CPU
		{D2612A28-9895-4692-A413-9292F271D60A}.Release|Any CPU.Build.0 = Release|Any CPU
		{0589115A-9732-4D23-9D49-6E68AB7C1AD7}.Debug|Any CPU.ActiveCfg = Debug|Any CPU
		{0589115A-9732-4D23-9D49-6E68AB7C1AD7}.Debug|Any CPU.Build.0 = Debug|Any CPU
		{0589115A-9732-4D23-9D49-6E68AB7C1AD7}.Release|Any CPU.ActiveCfg = Release|Any CPU
		{0589115A-9732-4D23-9D49-6E68AB7C1AD7}.Release|Any CPU.Build.0 = Release|Any CPU
	EndGlobalSection
	GlobalSection(SolutionProperties) = preSolution
		HideSolutionNode = FALSE
	EndGlobalSection
	GlobalSection(NestedProjects) = preSolution
		{B35CD57D-7A1F-424A-84AA-0D8B724EED1D} = {C91A9F4F-B480-4D5C-BFBC-860DE058D21D}
		{45D7A7E1-470E-4922-9B39-4F54AAE1D734} = {339CEB91-6C5F-4466-B890-ED1E458FAB1E}
		{4C593B45-CF53-4345-B490-22944A9A7E7C} = {95A8DCF1-FC8B-4995-AEC6-2905E98F9D17}
		{C2ABEDCF-8492-4984-947B-BF32F505055A} = {A5904985-76DB-4CBA-9674-8651D2DF79E5}
		{171052DF-7EA3-4F77-9E27-5B06CC8C4254} = {8F390AD4-FEE0-4CAE-B290-53C7F4EA463B}
		{6CCF81F6-4BDE-4492-AC6F-4C55DCF3360C} = {A26AF899-FE2E-4213-91C5-DFE2C274BC04}
		{CE140AC5-3557-449B-9FD2-F318E5AD8C8B} = {727FA2D6-6FC0-43A2-BF71-F8A4D5DF2827}
		{20466355-68A6-4BCB-B891-4CD3461820DF} = {4FE0F82F-F860-48B7-9B89-28CA416B196A}
		{D4CB6C3E-761D-4305-AA7D-51D287C4372B} = {8F390AD4-FEE0-4CAE-B290-53C7F4EA463B}
		{60166E7B-AA7A-4216-9B1A-FD3DC5C39198} = {FE4C833B-D44D-407C-93F3-AD0E5667C1F3}
		{CFEDF8C4-6119-46DB-9C98-1B7F2655C74A} = {DF3B627F-AE6B-4E86-820E-D97DF913186C}
		{921F99C1-292D-4A4B-A385-D64148D5315E} = {9E3EE98A-8E21-49F6-B40F-2F3CF894AA03}
		{1E3767A3-AC9A-47F1-8B7E-A209D1031292} = {FA139332-FB9A-4F04-9EA4-99F0DF58C585}
		{7D8294B7-7512-424D-A1D9-218853096471} = {A5904985-76DB-4CBA-9674-8651D2DF79E5}
		{27A8EE7A-AF05-431B-8979-370D27525A1E} = {339CEB91-6C5F-4466-B890-ED1E458FAB1E}
		{3B65C3B7-4492-4C37-A831-9361F20CB51B} = {E3307835-F261-477C-8422-40E8713F12B8}
		{8A6B1EB2-21E5-47FF-A8AF-F3E2B80F4C51} = {1639AAD3-7FBE-4BB3-A22E-5386CE328376}
		{79D29729-6E6E-47B9-912F-ACAD40BD3090} = {8F390AD4-FEE0-4CAE-B290-53C7F4EA463B}
		{A870CED8-3291-40E9-B654-1FD481432622} = {DF3B627F-AE6B-4E86-820E-D97DF913186C}
		{1D385F26-DEE5-4864-94E5-9803263311FD} = {95A8DCF1-FC8B-4995-AEC6-2905E98F9D17}
		{23B6863E-B7A5-4684-BCFD-E157C28B71A4} = {8F390AD4-FEE0-4CAE-B290-53C7F4EA463B}
		{43ADA121-5663-4BF2-AB5D-AD82B79F5665} = {84F34D89-AF8D-4D0A-B00A-8D6A499D3C87}
		{80BEB0F8-0573-4592-B789-38E941558116} = {C91A9F4F-B480-4D5C-BFBC-860DE058D21D}
		{96C5DB36-3614-492C-86F1-E30647A0BB54} = {95A8DCF1-FC8B-4995-AEC6-2905E98F9D17}
		{631AAF43-B3B3-4E99-ADED-DDB08801B906} = {A26AF899-FE2E-4213-91C5-DFE2C274BC04}
		{4DC772A4-05F3-4D00-8229-54A37120822C} = {A26AF899-FE2E-4213-91C5-DFE2C274BC04}
		{0B96C677-85FB-4FCF-BA63-E8ECCFEEB969} = {FA139332-FB9A-4F04-9EA4-99F0DF58C585}
		{EFFE2803-253D-4FEC-9257-468C0850E96B} = {FA139332-FB9A-4F04-9EA4-99F0DF58C585}
		{FA139332-FB9A-4F04-9EA4-99F0DF58C585} = {289CD3E0-D095-42E8-BA87-BC543276B0F3}
		{95A8DCF1-FC8B-4995-AEC6-2905E98F9D17} = {289CD3E0-D095-42E8-BA87-BC543276B0F3}
		{8F390AD4-FEE0-4CAE-B290-53C7F4EA463B} = {289CD3E0-D095-42E8-BA87-BC543276B0F3}
		{E3307835-F261-477C-8422-40E8713F12B8} = {289CD3E0-D095-42E8-BA87-BC543276B0F3}
		{DF3B627F-AE6B-4E86-820E-D97DF913186C} = {289CD3E0-D095-42E8-BA87-BC543276B0F3}
		{9E3EE98A-8E21-49F6-B40F-2F3CF894AA03} = {289CD3E0-D095-42E8-BA87-BC543276B0F3}
		{A5904985-76DB-4CBA-9674-8651D2DF79E5} = {289CD3E0-D095-42E8-BA87-BC543276B0F3}
		{C91A9F4F-B480-4D5C-BFBC-860DE058D21D} = {289CD3E0-D095-42E8-BA87-BC543276B0F3}
		{339CEB91-6C5F-4466-B890-ED1E458FAB1E} = {289CD3E0-D095-42E8-BA87-BC543276B0F3}
		{84F34D89-AF8D-4D0A-B00A-8D6A499D3C87} = {289CD3E0-D095-42E8-BA87-BC543276B0F3}
		{727FA2D6-6FC0-43A2-BF71-F8A4D5DF2827} = {289CD3E0-D095-42E8-BA87-BC543276B0F3}
		{1639AAD3-7FBE-4BB3-A22E-5386CE328376} = {289CD3E0-D095-42E8-BA87-BC543276B0F3}
		{FE4C833B-D44D-407C-93F3-AD0E5667C1F3} = {289CD3E0-D095-42E8-BA87-BC543276B0F3}
		{4FE0F82F-F860-48B7-9B89-28CA416B196A} = {289CD3E0-D095-42E8-BA87-BC543276B0F3}
		{550955DB-609C-442C-98BA-F92DFB469730} = {A26AF899-FE2E-4213-91C5-DFE2C274BC04}
		{E08D9107-4522-4993-A6B8-903B4682837C} = {95A8DCF1-FC8B-4995-AEC6-2905E98F9D17}
		{7122EACA-AB0C-46BB-A8EC-9B0D1D0BDF08} = {A5904985-76DB-4CBA-9674-8651D2DF79E5}
		{EFC37FD5-A9B3-4ABE-AF10-D82093F844AE} = {DF3B627F-AE6B-4E86-820E-D97DF913186C}
		{02FA442D-1EAC-468B-8A0C-C84D57716217} = {A26AF899-FE2E-4213-91C5-DFE2C274BC04}
		{0471B9FF-A3FF-49F8-8D72-83175D407DB7} = {A5904985-76DB-4CBA-9674-8651D2DF79E5}
		{CEB43A43-BF75-4DA3-A444-974577A656B1} = {A5904985-76DB-4CBA-9674-8651D2DF79E5}
		{2BF45DF6-2311-48EE-A0DE-1C2DEAF60CBD} = {A5904985-76DB-4CBA-9674-8651D2DF79E5}
		{33FE4DC8-8790-4217-9D1D-C8A9D5ACB939} = {A5904985-76DB-4CBA-9674-8651D2DF79E5}
		{D2612A28-9895-4692-A413-9292F271D60A} = {9E3EE98A-8E21-49F6-B40F-2F3CF894AA03}
		{0589115A-9732-4D23-9D49-6E68AB7C1AD7} = {8F390AD4-FEE0-4CAE-B290-53C7F4EA463B}
	EndGlobalSection
EndGlobal
