
Microsoft Visual Studio Solution File, Format Version 12.00
# Visual Studio 2013
VisualStudioVersion = 12.0.21005.1
MinimumVisualStudioVersion = 10.0.40219.1
Project("{FAE04EC0-301F-11D3-BF4B-00C04F79EFBC}") = "WcfService", "WcfService\WcfService.csproj", "{CDEB2FB5-315F-423F-AF47-7424AD9714A8}"
EndProject
Project("{FAE04EC0-301F-11D3-BF4B-00C04F79EFBC}") = "WebApplication", "WebApplication\WebApplication.csproj", "{8F72891E-4AB1-4B36-A802-AF5CA1D95FC8}"
	ProjectSection(ProjectDependencies) = postProject
		{CDEB2FB5-315F-423F-AF47-7424AD9714A8} = {CDEB2FB5-315F-423F-AF47-7424AD9714A8}
	EndProjectSection
EndProject
Global
	GlobalSection(SolutionConfigurationPlatforms) = preSolution
		Debug|Any CPU = Debug|Any CPU
		Release|Any CPU = Release|Any CPU
	EndGlobalSection
	GlobalSection(ProjectConfigurationPlatforms) = postSolution
		{CDEB2FB5-315F-423F-AF47-7424AD9714A8}.Debug|Any CPU.ActiveCfg = Debug|Any CPU
		{CDEB2FB5-315F-423F-AF47-7424AD9714A8}.Debug|Any CPU.Build.0 = Debug|Any CPU
		{CDEB2FB5-315F-423F-AF47-7424AD9714A8}.Release|Any CPU.ActiveCfg = Release|Any CPU
		{CDEB2FB5-315F-423F-AF47-7424AD9714A8}.Release|Any CPU.Build.0 = Release|Any CPU
		{8F72891E-4AB1-4B36-A802-AF5CA1D95FC8}.Debug|Any CPU.ActiveCfg = Debug|Any CPU
		{8F72891E-4AB1-4B36-A802-AF5CA1D95FC8}.Debug|Any CPU.Build.0 = Debug|Any CPU
		{8F72891E-4AB1-4B36-A802-AF5CA1D95FC8}.Release|Any CPU.ActiveCfg = Release|Any CPU
		{8F72891E-4AB1-4B36-A802-AF5CA1D95FC8}.Release|Any CPU.Build.0 = Release|Any CPU
	EndGlobalSection
	GlobalSection(SolutionProperties) = preSolution
		HideSolutionNode = FALSE
	EndGlobalSection
EndGlobal
